// !$*UTF8*$!
{
	archiveVersion = 1;
	classes = {
	};
	objectVersion = 46;
	objects = {

/* Begin PBXBuildFile section */
		9580BB4D1CEE799300C85912 /* AppDelegate.swift in Sources */ = {isa = PBXBuildFile; fileRef = 9580BB4C1CEE799300C85912 /* AppDelegate.swift */; };
		9580BB4F1CEE799300C85912 /* ViewController.swift in Sources */ = {isa = PBXBuildFile; fileRef = 9580BB4E1CEE799300C85912 /* ViewController.swift */; };
		9580BB521CEE799300C85912 /* Main.storyboard in Resources */ = {isa = PBXBuildFile; fileRef = 9580BB501CEE799300C85912 /* Main.storyboard */; };
		9580BB541CEE799400C85912 /* Assets.xcassets in Resources */ = {isa = PBXBuildFile; fileRef = 9580BB531CEE799400C85912 /* Assets.xcassets */; };
		9580BB571CEE799400C85912 /* LaunchScreen.storyboard in Resources */ = {isa = PBXBuildFile; fileRef = 9580BB551CEE799400C85912 /* LaunchScreen.storyboard */; };
		D93AC5FF0F4E54B8A44AECBF /* Pods_LNICoverFlowLayout_Demo.framework in Frameworks */ = {isa = PBXBuildFile; fileRef = F69790BDB0F351423EB256EE /* Pods_LNICoverFlowLayout_Demo.framework */; };
/* End PBXBuildFile section */

/* Begin PBXFileReference section */
		9580BB491CEE799300C85912 /* LNICoverFlowLayout_Demo.app */ = {isa = PBXFileReference; explicitFileType = wrapper.application; includeInIndex = 0; path = LNICoverFlowLayout_Demo.app; sourceTree = BUILT_PRODUCTS_DIR; };
		9580BB4C1CEE799300C85912 /* AppDelegate.swift */ = {isa = PBXFileReference; lastKnownFileType = sourcecode.swift; path = AppDelegate.swift; sourceTree = "<group>"; };
		9580BB4E1CEE799300C85912 /* ViewController.swift */ = {isa = PBXFileReference; lastKnownFileType = sourcecode.swift; path = ViewController.swift; sourceTree = "<group>"; };
		9580BB511CEE799300C85912 /* Base */ = {isa = PBXFileReference; lastKnownFileType = file.storyboard; name = Base; path = Base.lproj/Main.storyboard; sourceTree = "<group>"; };
		9580BB531CEE799400C85912 /* Assets.xcassets */ = {isa = PBXFileReference; lastKnownFileType = folder.assetcatalog; path = Assets.xcassets; sourceTree = "<group>"; };
		9580BB561CEE799400C85912 /* Base */ = {isa = PBXFileReference; lastKnownFileType = file.storyboard; name = Base; path = Base.lproj/LaunchScreen.storyboard; sourceTree = "<group>"; };
		9580BB581CEE799400C85912 /* Info.plist */ = {isa = PBXFileReference; lastKnownFileType = text.plist.xml; path = Info.plist; sourceTree = "<group>"; };
		DFE63CBD056AFAA45923F8F7 /* Pods-LNICoverFlowLayout_Demo.debug.xcconfig */ = {isa = PBXFileReference; includeInIndex = 1; lastKnownFileType = text.xcconfig; name = "Pods-LNICoverFlowLayout_Demo.debug.xcconfig"; path = "Pods/Target Support Files/Pods-LNICoverFlowLayout_Demo/Pods-LNICoverFlowLayout_Demo.debug.xcconfig"; sourceTree = "<group>"; };
		E9F4D3A041C1C32941B41B96 /* Pods-LNICoverFlowLayout_Demo.release.xcconfig */ = {isa = PBXFileReference; includeInIndex = 1; lastKnownFileType = text.xcconfig; name = "Pods-LNICoverFlowLayout_Demo.release.xcconfig"; path = "Pods/Target Support Files/Pods-LNICoverFlowLayout_Demo/Pods-LNICoverFlowLayout_Demo.release.xcconfig"; sourceTree = "<group>"; };
		F69790BDB0F351423EB256EE /* Pods_LNICoverFlowLayout_Demo.framework */ = {isa = PBXFileReference; explicitFileType = wrapper.framework; includeInIndex = 0; path = Pods_LNICoverFlowLayout_Demo.framework; sourceTree = BUILT_PRODUCTS_DIR; };
/* End PBXFileReference section */

/* Begin PBXFrameworksBuildPhase section */
		9580BB461CEE799300C85912 /* Frameworks */ = {
			isa = PBXFrameworksBuildPhase;
			buildActionMask = 2147483647;
			files = (
				D93AC5FF0F4E54B8A44AECBF /* Pods_LNICoverFlowLayout_Demo.framework in Frameworks */,
			);
			runOnlyForDeploymentPostprocessing = 0;
		};
/* End PBXFrameworksBuildPhase section */

/* Begin PBXGroup section */
		3BEDA31933B8AB45049737A4 /* Frameworks */ = {
			isa = PBXGroup;
			children = (
				F69790BDB0F351423EB256EE /* Pods_LNICoverFlowLayout_Demo.framework */,
			);
			name = Frameworks;
			sourceTree = "<group>";
		};
		89DAC4B80FC4D733D223DFCE /* Pods */ = {
			isa = PBXGroup;
			children = (
				DFE63CBD056AFAA45923F8F7 /* Pods-LNICoverFlowLayout_Demo.debug.xcconfig */,
				E9F4D3A041C1C32941B41B96 /* Pods-LNICoverFlowLayout_Demo.release.xcconfig */,
			);
			name = Pods;
			sourceTree = "<group>";
		};
		9580BB401CEE799300C85912 = {
			isa = PBXGroup;
			children = (
				9580BB4B1CEE799300C85912 /* LNICoverFlowLayout_Demo */,
				9580BB4A1CEE799300C85912 /* Products */,
				89DAC4B80FC4D733D223DFCE /* Pods */,
				3BEDA31933B8AB45049737A4 /* Frameworks */,
			);
			sourceTree = "<group>";
		};
		9580BB4A1CEE799300C85912 /* Products */ = {
			isa = PBXGroup;
			children = (
				9580BB491CEE799300C85912 /* LNICoverFlowLayout_Demo.app */,
			);
			name = Products;
			sourceTree = "<group>";
		};
		9580BB4B1CEE799300C85912 /* LNICoverFlowLayout_Demo */ = {
			isa = PBXGroup;
			children = (
				9580BB4C1CEE799300C85912 /* AppDelegate.swift */,
				9580BB4E1CEE799300C85912 /* ViewController.swift */,
				9580BB501CEE799300C85912 /* Main.storyboard */,
				9580BB531CEE799400C85912 /* Assets.xcassets */,
				9580BB551CEE799400C85912 /* LaunchScreen.storyboard */,
				9580BB581CEE799400C85912 /* Info.plist */,
			);
			path = LNICoverFlowLayout_Demo;
			sourceTree = "<group>";
		};
/* End PBXGroup section */

/* Begin PBXNativeTarget section */
		9580BB481CEE799300C85912 /* LNICoverFlowLayout_Demo */ = {
			isa = PBXNativeTarget;
			buildConfigurationList = 9580BB5B1CEE799400C85912 /* Build configuration list for PBXNativeTarget "LNICoverFlowLayout_Demo" */;
			buildPhases = (
				65488E41B82219D17C7DA9A5 /* 📦 Check Pods Manifest.lock */,
				9580BB451CEE799300C85912 /* Sources */,
				9580BB461CEE799300C85912 /* Frameworks */,
				9580BB471CEE799300C85912 /* Resources */,
				04FCEBBAED677EE57863EC49 /* 📦 Embed Pods Frameworks */,
				B6877AF4A42FB101F75A652C /* 📦 Copy Pods Resources */,
			);
			buildRules = (
			);
			dependencies = (
			);
			name = LNICoverFlowLayout_Demo;
			productName = LNICoverFlowLayout_Demo;
			productReference = 9580BB491CEE799300C85912 /* LNICoverFlowLayout_Demo.app */;
			productType = "com.apple.product-type.application";
		};
/* End PBXNativeTarget section */

/* Begin PBXProject section */
		9580BB411CEE799300C85912 /* Project object */ = {
			isa = PBXProject;
			attributes = {
				LastSwiftUpdateCheck = 0730;
				LastUpgradeCheck = 0820;
				ORGANIZATIONNAME = "Loud Noise Inc";
				TargetAttributes = {
					9580BB481CEE799300C85912 = {
						CreatedOnToolsVersion = 7.3;
						LastSwiftMigration = 0820;
					};
				};
			};
			buildConfigurationList = 9580BB441CEE799300C85912 /* Build configuration list for PBXProject "LNICoverFlowLayout_Demo" */;
			compatibilityVersion = "Xcode 3.2";
			developmentRegion = English;
			hasScannedForEncodings = 0;
			knownRegions = (
				en,
				Base,
			);
			mainGroup = 9580BB401CEE799300C85912;
			productRefGroup = 9580BB4A1CEE799300C85912 /* Products */;
			projectDirPath = "";
			projectRoot = "";
			targets = (
				9580BB481CEE799300C85912 /* LNICoverFlowLayout_Demo */,
			);
		};
/* End PBXProject section */

/* Begin PBXResourcesBuildPhase section */
		9580BB471CEE799300C85912 /* Resources */ = {
			isa = PBXResourcesBuildPhase;
			buildActionMask = 2147483647;
			files = (
				9580BB571CEE799400C85912 /* LaunchScreen.storyboard in Resources */,
				9580BB541CEE799400C85912 /* Assets.xcassets in Resources */,
				9580BB521CEE799300C85912 /* Main.storyboard in Resources */,
			);
			runOnlyForDeploymentPostprocessing = 0;
		};
/* End PBXResourcesBuildPhase section */

/* Begin PBXShellScriptBuildPhase section */
		04FCEBBAED677EE57863EC49 /* 📦 Embed Pods Frameworks */ = {
			isa = PBXShellScriptBuildPhase;
			buildActionMask = 2147483647;
			files = (
			);
			inputPaths = (
			);
			name = "📦 Embed Pods Frameworks";
			outputPaths = (
			);
			runOnlyForDeploymentPostprocessing = 0;
			shellPath = /bin/sh;
			shellScript = "\"${SRCROOT}/Pods/Target Support Files/Pods-LNICoverFlowLayout_Demo/Pods-LNICoverFlowLayout_Demo-frameworks.sh\"\n";
			showEnvVarsInLog = 0;
		};
		65488E41B82219D17C7DA9A5 /* 📦 Check Pods Manifest.lock */ = {
			isa = PBXShellScriptBuildPhase;
			buildActionMask = 2147483647;
			files = (
			);
			inputPaths = (
			);
			name = "📦 Check Pods Manifest.lock";
			outputPaths = (
			);
			runOnlyForDeploymentPostprocessing = 0;
			shellPath = /bin/sh;
			shellScript = "diff \"${PODS_ROOT}/../Podfile.lock\" \"${PODS_ROOT}/Manifest.lock\" > /dev/null\nif [[ $? != 0 ]] ; then\n    cat << EOM\nerror: The sandbox is not in sync with the Podfile.lock. Run 'pod install' or update your CocoaPods installation.\nEOM\n    exit 1\nfi\n";
			showEnvVarsInLog = 0;
		};
		B6877AF4A42FB101F75A652C /* 📦 Copy Pods Resources */ = {
			isa = PBXShellScriptBuildPhase;
			buildActionMask = 2147483647;
			files = (
			);
			inputPaths = (
			);
			name = "📦 Copy Pods Resources";
			outputPaths = (
			);
			runOnlyForDeploymentPostprocessing = 0;
			shellPath = /bin/sh;
			shellScript = "\"${SRCROOT}/Pods/Target Support Files/Pods-LNICoverFlowLayout_Demo/Pods-LNICoverFlowLayout_Demo-resources.sh\"\n";
			showEnvVarsInLog = 0;
		};
/* End PBXShellScriptBuildPhase section */

/* Begin PBXSourcesBuildPhase section */
		9580BB451CEE799300C85912 /* Sources */ = {
			isa = PBXSourcesBuildPhase;
			buildActionMask = 2147483647;
			files = (
				9580BB4F1CEE799300C85912 /* ViewController.swift in Sources */,
				9580BB4D1CEE799300C85912 /* AppDelegate.swift in Sources */,
			);
			runOnlyForDeploymentPostprocessing = 0;
		};
/* End PBXSourcesBuildPhase section */

/* Begin PBXVariantGroup section */
		9580BB501CEE799300C85912 /* Main.storyboard */ = {
			isa = PBXVariantGroup;
			children = (
				9580BB511CEE799300C85912 /* Base */,
			);
			name = Main.storyboard;
			sourceTree = "<group>";
		};
		9580BB551CEE799400C85912 /* LaunchScreen.storyboard */ = {
			isa = PBXVariantGroup;
			children = (
				9580BB561CEE799400C85912 /* Base */,
			);
			name = LaunchScreen.storyboard;
			sourceTree = "<group>";
		};
/* End PBXVariantGroup section */

/* Begin XCBuildConfiguration section */
		9580BB591CEE799400C85912 /* Debug */ = {
			isa = XCBuildConfiguration;
			buildSettings = {
				ALWAYS_SEARCH_USER_PATHS = NO;
				CLANG_ANALYZER_NONNULL = YES;
				CLANG_CXX_LANGUAGE_STANDARD = "gnu++0x";
				CLANG_CXX_LIBRARY = "libc++";
				CLANG_ENABLE_MODULES = YES;
				CLANG_ENABLE_OBJC_ARC = YES;
				CLANG_WARN_BOOL_CONVERSION = YES;
				CLANG_WARN_CONSTANT_CONVERSION = YES;
				CLANG_WARN_DIRECT_OBJC_ISA_USAGE = YES_ERROR;
				CLANG_WARN_EMPTY_BODY = YES;
				CLANG_WARN_ENUM_CONVERSION = YES;
				CLANG_WARN_INFINITE_RECURSION = YES;
				CLANG_WARN_INT_CONVERSION = YES;
				CLANG_WARN_OBJC_ROOT_CLASS = YES_ERROR;
				CLANG_WARN_SUSPICIOUS_MOVE = YES;
				CLANG_WARN_UNREACHABLE_CODE = YES;
				CLANG_WARN__DUPLICATE_METHOD_MATCH = YES;
				"CODE_SIGN_IDENTITY[sdk=iphoneos*]" = "iPhone Developer";
				COPY_PHASE_STRIP = NO;
				DEBUG_INFORMATION_FORMAT = dwarf;
				ENABLE_STRICT_OBJC_MSGSEND = YES;
				ENABLE_TESTABILITY = YES;
				GCC_C_LANGUAGE_STANDARD = gnu99;
				GCC_DYNAMIC_NO_PIC = NO;
				GCC_NO_COMMON_BLOCKS = YES;
				GCC_OPTIMIZATION_LEVEL = 0;
				GCC_PREPROCESSOR_DEFINITIONS = (
					"DEBUG=1",
					"$(inherited)",
				);
				GCC_WARN_64_TO_32_BIT_CONVERSION = YES;
				GCC_WARN_ABOUT_RETURN_TYPE = YES_ERROR;
				GCC_WARN_UNDECLARED_SELECTOR = YES;
				GCC_WARN_UNINITIALIZED_AUTOS = YES_AGGRESSIVE;
				GCC_WARN_UNUSED_FUNCTION = YES;
				GCC_WARN_UNUSED_VARIABLE = YES;
				IPHONEOS_DEPLOYMENT_TARGET = 9.0;
				MTL_ENABLE_DEBUG_INFO = YES;
				ONLY_ACTIVE_ARCH = YES;
				SDKROOT = iphoneos;
				SWIFT_OPTIMIZATION_LEVEL = "-Onone";
				TARGETED_DEVICE_FAMILY = "1,2";
			};
			name = Debug;
		};
		9580BB5A1CEE799400C85912 /* Release */ = {
			isa = XCBuildConfiguration;
			buildSettings = {
				ALWAYS_SEARCH_USER_PATHS = NO;
				CLANG_ANALYZER_NONNULL = YES;
				CLANG_CXX_LANGUAGE_STANDARD = "gnu++0x";
				CLANG_CXX_LIBRARY = "libc++";
				CLANG_ENABLE_MODULES = YES;
				CLANG_ENABLE_OBJC_ARC = YES;
				CLANG_WARN_BOOL_CONVERSION = YES;
				CLANG_WARN_CONSTANT_CONVERSION = YES;
				CLANG_WARN_DIRECT_OBJC_ISA_USAGE = YES_ERROR;
				CLANG_WARN_EMPTY_BODY = YES;
				CLANG_WARN_ENUM_CONVERSION = YES;
				CLANG_WARN_INFINITE_RECURSION = YES;
				CLANG_WARN_INT_CONVERSION = YES;
				CLANG_WARN_OBJC_ROOT_CLASS = YES_ERROR;
				CLANG_WARN_SUSPICIOUS_MOVE = YES;
				CLANG_WARN_UNREACHABLE_CODE = YES;
				CLANG_WARN__DUPLICATE_METHOD_MATCH = YES;
				"CODE_SIGN_IDENTITY[sdk=iphoneos*]" = "iPhone Developer";
				COPY_PHASE_STRIP = NO;
				DEBUG_INFORMATION_FORMAT = "dwarf-with-dsym";
				ENABLE_NS_ASSERTIONS = NO;
				ENABLE_STRICT_OBJC_MSGSEND = YES;
				GCC_C_LANGUAGE_STANDARD = gnu99;
				GCC_NO_COMMON_BLOCKS = YES;
				GCC_WARN_64_TO_32_BIT_CONVERSION = YES;
				GCC_WARN_ABOUT_RETURN_TYPE = YES_ERROR;
				GCC_WARN_UNDECLARED_SELECTOR = YES;
				GCC_WARN_UNINITIALIZED_AUTOS = YES_AGGRESSIVE;
				GCC_WARN_UNUSED_FUNCTION = YES;
				GCC_WARN_UNUSED_VARIABLE = YES;
				IPHONEOS_DEPLOYMENT_TARGET = 9.0;
				MTL_ENABLE_DEBUG_INFO = NO;
				SDKROOT = iphoneos;
				SWIFT_OPTIMIZATION_LEVEL = "-Owholemodule";
				TARGETED_DEVICE_FAMILY = "1,2";
				VALIDATE_PRODUCT = YES;
			};
			name = Release;
		};
		9580BB5C1CEE799400C85912 /* Debug */ = {
			isa = XCBuildConfiguration;
			baseConfigurationReference = DFE63CBD056AFAA45923F8F7 /* Pods-LNICoverFlowLayout_Demo.debug.xcconfig */;
			buildSettings = {
				ALWAYS_EMBED_SWIFT_STANDARD_LIBRARIES = YES;
				ASSETCATALOG_COMPILER_APPICON_NAME = AppIcon;
				INFOPLIST_FILE = LNICoverFlowLayout_Demo/Info.plist;
				LD_RUNPATH_SEARCH_PATHS = "$(inherited) @executable_path/Frameworks";
				PRODUCT_BUNDLE_IDENTIFIER = "com.loudnoiseinc.LNICoverFlowLayout-Demo";
				PRODUCT_NAME = "$(TARGET_NAME)";
				SWIFT_VERSION = 3.0;
			};
			name = Debug;
		};
		9580BB5D1CEE799400C85912 /* Release */ = {
			isa = XCBuildConfiguration;
			baseConfigurationReference = E9F4D3A041C1C32941B41B96 /* Pods-LNICoverFlowLayout_Demo.release.xcconfig */;
			buildSettings = {
				ALWAYS_EMBED_SWIFT_STANDARD_LIBRARIES = YES;
				ASSETCATALOG_COMPILER_APPICON_NAME = AppIcon;
				INFOPLIST_FILE = LNICoverFlowLayout_Demo/Info.plist;
				LD_RUNPATH_SEARCH_PATHS = "$(inherited) @executable_path/Frameworks";
				PRODUCT_BUNDLE_IDENTIFIER = "com.loudnoiseinc.LNICoverFlowLayout-Demo";
				PRODUCT_NAME = "$(TARGET_NAME)";
				SWIFT_VERSION = 3.0;
			};
			name = Release;
		};
/* End XCBuildConfiguration section */

/* Begin XCConfigurationList section */
		9580BB441CEE799300C85912 /* Build configuration list for PBXProject "LNICoverFlowLayout_Demo" */ = {
			isa = XCConfigurationList;
			buildConfigurations = (
				9580BB591CEE799400C85912 /* Debug */,
				9580BB5A1CEE799400C85912 /* Release */,
			);
			defaultConfigurationIsVisible = 0;
			defaultConfigurationName = Release;
		};
		9580BB5B1CEE799400C85912 /* Build configuration list for PBXNativeTarget "LNICoverFlowLayout_Demo" */ = {
			isa = XCConfigurationList;
			buildConfigurations = (
				9580BB5C1CEE799400C85912 /* Debug */,
				9580BB5D1CEE799400C85912 /* Release */,
			);
			defaultConfigurationIsVisible = 0;
			defaultConfigurationName = Release;
		};
/* End XCConfigurationList section */
	};
	rootObject = 9580BB411CEE799300C85912 /* Project object */;
}
